// !$*UTF8*$!
{
	archiveVersion = 1;
	classes = {
	};
	objectVersion = 46;
	objects = {

/* Begin PBXBuildFile section */
		5223B7151DDAB24000461828 /* YDSlider.m in Sources */ = {isa = PBXBuildFile; fileRef = 5223B7141DDAB24000461828 /* YDSlider.m */; };
		5295BA581DD42AF200841725 /* LightLoadingView.m in Sources */ = {isa = PBXBuildFile; fileRef = 5295BA571DD42AF200841725 /* LightLoadingView.m */; };
		5297570A1DB4F249008B0E63 /* main.m in Sources */ = {isa = PBXBuildFile; fileRef = 529757091DB4F249008B0E63 /* main.m */; };
		5297570D1DB4F249008B0E63 /* AppDelegate.m in Sources */ = {isa = PBXBuildFile; fileRef = 5297570C1DB4F249008B0E63 /* AppDelegate.m */; };
		529757101DB4F249008B0E63 /* ViewController.m in Sources */ = {isa = PBXBuildFile; fileRef = 5297570F1DB4F249008B0E63 /* ViewController.m */; };
		529757131DB4F249008B0E63 /* Main.storyboard in Resources */ = {isa = PBXBuildFile; fileRef = 529757111DB4F249008B0E63 /* Main.storyboard */; };
		529757151DB4F249008B0E63 /* Assets.xcassets in Resources */ = {isa = PBXBuildFile; fileRef = 529757141DB4F249008B0E63 /* Assets.xcassets */; };
		529757181DB4F249008B0E63 /* LaunchScreen.storyboard in Resources */ = {isa = PBXBuildFile; fileRef = 529757161DB4F249008B0E63 /* LaunchScreen.storyboard */; };
		529757231DB4F249008B0E63 /* ClockViewTests.m in Sources */ = {isa = PBXBuildFile; fileRef = 529757221DB4F249008B0E63 /* ClockViewTests.m */; };
		5297572E1DB4F249008B0E63 /* ClockViewUITests.m in Sources */ = {isa = PBXBuildFile; fileRef = 5297572D1DB4F249008B0E63 /* ClockViewUITests.m */; };
/* End PBXBuildFile section */

/* Begin PBXContainerItemProxy section */
		5297571F1DB4F249008B0E63 /* PBXContainerItemProxy */ = {
			isa = PBXContainerItemProxy;
			containerPortal = 529756FD1DB4F249008B0E63 /* Project object */;
			proxyType = 1;
			remoteGlobalIDString = 529757041DB4F249008B0E63;
			remoteInfo = ClockView;
		};
		5297572A1DB4F249008B0E63 /* PBXContainerItemProxy */ = {
			isa = PBXContainerItemProxy;
			containerPortal = 529756FD1DB4F249008B0E63 /* Project object */;
			proxyType = 1;
			remoteGlobalIDString = 529757041DB4F249008B0E63;
			remoteInfo = ClockView;
		};
/* End PBXContainerItemProxy section */

/* Begin PBXFileReference section */
		5223B7131DDAB24000461828 /* YDSlider.h */ = {isa = PBXFileReference; fileEncoding = 4; lastKnownFileType = sourcecode.c.h; path = YDSlider.h; sourceTree = "<group>"; };
		5223B7141DDAB24000461828 /* YDSlider.m */ = {isa = PBXFileReference; fileEncoding = 4; lastKnownFileType = sourcecode.c.objc; path = YDSlider.m; sourceTree = "<group>"; };
		5295BA561DD42AF200841725 /* LightLoadingView.h */ = {isa = PBXFileReference; fileEncoding = 4; lastKnownFileType = sourcecode.c.h; path = LightLoadingView.h; sourceTree = "<group>"; };
		5295BA571DD42AF200841725 /* LightLoadingView.m */ = {isa = PBXFileReference; fileEncoding = 4; lastKnownFileType = sourcecode.c.objc; path = LightLoadingView.m; sourceTree = "<group>"; };
		529757051DB4F249008B0E63 /* ClockView.app */ = {isa = PBXFileReference; explicitFileType = wrapper.application; includeInIndex = 0; path = ClockView.app; sourceTree = BUILT_PRODUCTS_DIR; };
		529757091DB4F249008B0E63 /* main.m */ = {isa = PBXFileReference; lastKnownFileType = sourcecode.c.objc; path = main.m; sourceTree = "<group>"; };
		5297570B1DB4F249008B0E63 /* AppDelegate.h */ = {isa = PBXFileReference; lastKnownFileType = sourcecode.c.h; path = AppDelegate.h; sourceTree = "<group>"; };
		5297570C1DB4F249008B0E63 /* AppDelegate.m */ = {isa = PBXFileReference; lastKnownFileType = sourcecode.c.objc; path = AppDelegate.m; sourceTree = "<group>"; };
		5297570E1DB4F249008B0E63 /* ViewController.h */ = {isa = PBXFileReference; lastKnownFileType = sourcecode.c.h; path = ViewController.h; sourceTree = "<group>"; };
		5297570F1DB4F249008B0E63 /* ViewController.m */ = {isa = PBXFileReference; lastKnownFileType = sourcecode.c.objc; path = ViewController.m; sourceTree = "<group>"; };
		529757121DB4F249008B0E63 /* Base */ = {isa = PBXFileReference; lastKnownFileType = file.storyboard; name = Base; path = Base.lproj/Main.storyboard; sourceTree = "<group>"; };
		529757141DB4F249008B0E63 /* Assets.xcassets */ = {isa = PBXFileReference; lastKnownFileType = folder.assetcatalog; path = Assets.xcassets; sourceTree = "<group>"; };
		529757171DB4F249008B0E63 /* Base */ = {isa = PBXFileReference; lastKnownFileType = file.storyboard; name = Base; path = Base.lproj/LaunchScreen.storyboard; sourceTree = "<group>"; };
		529757191DB4F249008B0E63 /* Info.plist */ = {isa = PBXFileReference; lastKnownFileType = text.plist.xml; path = Info.plist; sourceTree = "<group>"; };
		5297571E1DB4F249008B0E63 /* ClockViewTests.xctest */ = {isa = PBXFileReference; explicitFileType = wrapper.cfbundle; includeInIndex = 0; path = ClockViewTests.xctest; sourceTree = BUILT_PRODUCTS_DIR; };
		529757221DB4F249008B0E63 /* ClockViewTests.m */ = {isa = PBXFileReference; lastKnownFileType = sourcecode.c.objc; path = ClockViewTests.m; sourceTree = "<group>"; };
		529757241DB4F249008B0E63 /* Info.plist */ = {isa = PBXFileReference; lastKnownFileType = text.plist.xml; path = Info.plist; sourceTree = "<group>"; };
		529757291DB4F249008B0E63 /* ClockViewUITests.xctest */ = {isa = PBXFileReference; explicitFileType = wrapper.cfbundle; includeInIndex = 0; path = ClockViewUITests.xctest; sourceTree = BUILT_PRODUCTS_DIR; };
		5297572D1DB4F249008B0E63 /* ClockViewUITests.m */ = {isa = PBXFileReference; lastKnownFileType = sourcecode.c.objc; path = ClockViewUITests.m; sourceTree = "<group>"; };
		5297572F1DB4F249008B0E63 /* Info.plist */ = {isa = PBXFileReference; lastKnownFileType = text.plist.xml; path = Info.plist; sourceTree = "<group>"; };
/* End PBXFileReference section */

/* Begin PBXFrameworksBuildPhase section */
		529757021DB4F249008B0E63 /* Frameworks */ = {
			isa = PBXFrameworksBuildPhase;
			buildActionMask = 2147483647;
			files = (
			);
			runOnlyForDeploymentPostprocessing = 0;
		};
		5297571B1DB4F249008B0E63 /* Frameworks */ = {
			isa = PBXFrameworksBuildPhase;
			buildActionMask = 2147483647;
			files = (
			);
			runOnlyForDeploymentPostprocessing = 0;
		};
		529757261DB4F249008B0E63 /* Frameworks */ = {
			isa = PBXFrameworksBuildPhase;
			buildActionMask = 2147483647;
			files = (
			);
			runOnlyForDeploymentPostprocessing = 0;
		};
/* End PBXFrameworksBuildPhase section */

/* Begin PBXGroup section */
		5223B7121DDAB24000461828 /* YDSlider */ = {
			isa = PBXGroup;
			children = (
				5223B7131DDAB24000461828 /* YDSlider.h */,
				5223B7141DDAB24000461828 /* YDSlider.m */,
			);
			path = YDSlider;
			sourceTree = "<group>";
		};
		5295BA551DD42AE200841725 /* LightLoading */ = {
			isa = PBXGroup;
			children = (
				5295BA561DD42AF200841725 /* LightLoadingView.h */,
				5295BA571DD42AF200841725 /* LightLoadingView.m */,
			);
			path = LightLoading;
			sourceTree = "<group>";
		};
		529756FC1DB4F249008B0E63 = {
			isa = PBXGroup;
			children = (
				529757071DB4F249008B0E63 /* ClockView */,
				529757211DB4F249008B0E63 /* ClockViewTests */,
				5297572C1DB4F249008B0E63 /* ClockViewUITests */,
				529757061DB4F249008B0E63 /* Products */,
			);
			sourceTree = "<group>";
		};
		529757061DB4F249008B0E63 /* Products */ = {
			isa = PBXGroup;
			children = (
				529757051DB4F249008B0E63 /* ClockView.app */,
				5297571E1DB4F249008B0E63 /* ClockViewTests.xctest */,
				529757291DB4F249008B0E63 /* ClockViewUITests.xctest */,
			);
			name = Products;
			sourceTree = "<group>";
		};
		529757071DB4F249008B0E63 /* ClockView */ = {
			isa = PBXGroup;
			children = (
				5223B7121DDAB24000461828 /* YDSlider */,
				5295BA551DD42AE200841725 /* LightLoading */,
				5297570B1DB4F249008B0E63 /* AppDelegate.h */,
				5297570C1DB4F249008B0E63 /* AppDelegate.m */,
				5297570E1DB4F249008B0E63 /* ViewController.h */,
				5297570F1DB4F249008B0E63 /* ViewController.m */,
				529757111DB4F249008B0E63 /* Main.storyboard */,
				529757141DB4F249008B0E63 /* Assets.xcassets */,
				529757161DB4F249008B0E63 /* LaunchScreen.storyboard */,
				529757191DB4F249008B0E63 /* Info.plist */,
				529757081DB4F249008B0E63 /* Supporting Files */,
			);
			path = ClockView;
			sourceTree = "<group>";
		};
		529757081DB4F249008B0E63 /* Supporting Files */ = {
			isa = PBXGroup;
			children = (
				529757091DB4F249008B0E63 /* main.m */,
			);
			name = "Supporting Files";
			sourceTree = "<group>";
		};
		529757211DB4F249008B0E63 /* ClockViewTests */ = {
			isa = PBXGroup;
			children = (
				529757221DB4F249008B0E63 /* ClockViewTests.m */,
				529757241DB4F249008B0E63 /* Info.plist */,
			);
			path = ClockViewTests;
			sourceTree = "<group>";
		};
		5297572C1DB4F249008B0E63 /* ClockViewUITests */ = {
			isa = PBXGroup;
			children = (
				5297572D1DB4F249008B0E63 /* ClockViewUITests.m */,
				5297572F1DB4F249008B0E63 /* Info.plist */,
			);
			path = ClockViewUITests;
			sourceTree = "<group>";
		};
/* End PBXGroup section */

/* Begin PBXNativeTarget section */
		529757041DB4F249008B0E63 /* ClockView */ = {
			isa = PBXNativeTarget;
			buildConfigurationList = 529757321DB4F249008B0E63 /* Build configuration list for PBXNativeTarget "ClockView" */;
			buildPhases = (
				529757011DB4F249008B0E63 /* Sources */,
				529757021DB4F249008B0E63 /* Frameworks */,
				529757031DB4F249008B0E63 /* Resources */,
			);
			buildRules = (
			);
			dependencies = (
			);
			name = ClockView;
			productName = ClockView;
			productReference = 529757051DB4F249008B0E63 /* ClockView.app */;
			productType = "com.apple.product-type.application";
		};
		5297571D1DB4F249008B0E63 /* ClockViewTests */ = {
			isa = PBXNativeTarget;
			buildConfigurationList = 529757351DB4F249008B0E63 /* Build configuration list for PBXNativeTarget "ClockViewTests" */;
			buildPhases = (
				5297571A1DB4F249008B0E63 /* Sources */,
				5297571B1DB4F249008B0E63 /* Frameworks */,
				5297571C1DB4F249008B0E63 /* Resources */,
			);
			buildRules = (
			);
			dependencies = (
				529757201DB4F249008B0E63 /* PBXTargetDependency */,
			);
			name = ClockViewTests;
			productName = ClockViewTests;
			productReference = 5297571E1DB4F249008B0E63 /* ClockViewTests.xctest */;
			productType = "com.apple.product-type.bundle.unit-test";
		};
		529757281DB4F249008B0E63 /* ClockViewUITests */ = {
			isa = PBXNativeTarget;
			buildConfigurationList = 529757381DB4F249008B0E63 /* Build configuration list for PBXNativeTarget "ClockViewUITests" */;
			buildPhases = (
				529757251DB4F249008B0E63 /* Sources */,
				529757261DB4F249008B0E63 /* Frameworks */,
				529757271DB4F249008B0E63 /* Resources */,
			);
			buildRules = (
			);
			dependencies = (
				5297572B1DB4F249008B0E63 /* PBXTargetDependency */,
			);
			name = ClockViewUITests;
			productName = ClockViewUITests;
			productReference = 529757291DB4F249008B0E63 /* ClockViewUITests.xctest */;
			productType = "com.apple.product-type.bundle.ui-testing";
		};
/* End PBXNativeTarget section */

/* Begin PBXProject section */
		529756FD1DB4F249008B0E63 /* Project object */ = {
			isa = PBXProject;
			attributes = {
				LastUpgradeCheck = 0800;
				ORGANIZATIONNAME = "Geek Zoo Studio";
				TargetAttributes = {
					529757041DB4F249008B0E63 = {
						CreatedOnToolsVersion = 8.0;
						ProvisioningStyle = Automatic;
					};
					5297571D1DB4F249008B0E63 = {
						CreatedOnToolsVersion = 8.0;
						ProvisioningStyle = Automatic;
						TestTargetID = 529757041DB4F249008B0E63;
					};
					529757281DB4F249008B0E63 = {
						CreatedOnToolsVersion = 8.0;
						ProvisioningStyle = Automatic;
						TestTargetID = 529757041DB4F249008B0E63;
					};
				};
			};
			buildConfigurationList = 529757001DB4F249008B0E63 /* Build configuration list for PBXProject "ClockView" */;
			compatibilityVersion = "Xcode 3.2";
			developmentRegion = English;
			hasScannedForEncodings = 0;
			knownRegions = (
				en,
				Base,
			);
			mainGroup = 529756FC1DB4F249008B0E63;
			productRefGroup = 529757061DB4F249008B0E63 /* Products */;
			projectDirPath = "";
			projectRoot = "";
			targets = (
				529757041DB4F249008B0E63 /* ClockView */,
				5297571D1DB4F249008B0E63 /* ClockViewTests */,
				529757281DB4F249008B0E63 /* ClockViewUITests */,
			);
		};
/* End PBXProject section */

/* Begin PBXResourcesBuildPhase section */
		529757031DB4F249008B0E63 /* Resources */ = {
			isa = PBXResourcesBuildPhase;
			buildActionMask = 2147483647;
			files = (
				529757181DB4F249008B0E63 /* LaunchScreen.storyboard in Resources */,
				529757151DB4F249008B0E63 /* Assets.xcassets in Resources */,
				529757131DB4F249008B0E63 /* Main.storyboard in Resources */,
			);
			runOnlyForDeploymentPostprocessing = 0;
		};
		5297571C1DB4F249008B0E63 /* Resources */ = {
			isa = PBXResourcesBuildPhase;
			buildActionMask = 2147483647;
			files = (
			);
			runOnlyForDeploymentPostprocessing = 0;
		};
		529757271DB4F249008B0E63 /* Resources */ = {
			isa = PBXResourcesBuildPhase;
			buildActionMask = 2147483647;
			files = (
			);
			runOnlyForDeploymentPostprocessing = 0;
		};
/* End PBXResourcesBuildPhase section */

/* Begin PBXSourcesBuildPhase section */
		529757011DB4F249008B0E63 /* Sources */ = {
			isa = PBXSourcesBuildPhase;
			buildActionMask = 2147483647;
			files = (
				529757101DB4F249008B0E63 /* ViewController.m in Sources */,
				5297570D1DB4F249008B0E63 /* AppDelegate.m in Sources */,
				5223B7151DDAB24000461828 /* YDSlider.m in Sources */,
				5295BA581DD42AF200841725 /* LightLoadingView.m in Sources */,
				5297570A1DB4F249008B0E63 /* main.m in Sources */,
			);
			runOnlyForDeploymentPostprocessing = 0;
		};
		5297571A1DB4F249008B0E63 /* Sources */ = {
			isa = PBXSourcesBuildPhase;
			buildActionMask = 2147483647;
			files = (
				529757231DB4F249008B0E63 /* ClockViewTests.m in Sources */,
			);
			runOnlyForDeploymentPostprocessing = 0;
		};
		529757251DB4F249008B0E63 /* Sources */ = {
			isa = PBXSourcesBuildPhase;
			buildActionMask = 2147483647;
			files = (
				5297572E1DB4F249008B0E63 /* ClockViewUITests.m in Sources */,
			);
			runOnlyForDeploymentPostprocessing = 0;
		};
/* End PBXSourcesBuildPhase section */

/* Begin PBXTargetDependency section */
		529757201DB4F249008B0E63 /* PBXTargetDependency */ = {
			isa = PBXTargetDependency;
			target = 529757041DB4F249008B0E63 /* ClockView */;
			targetProxy = 5297571F1DB4F249008B0E63 /* PBXContainerItemProxy */;
		};
		5297572B1DB4F249008B0E63 /* PBXTargetDependency */ = {
			isa = PBXTargetDependency;
			target = 529757041DB4F249008B0E63 /* ClockView */;
			targetProxy = 5297572A1DB4F249008B0E63 /* PBXContainerItemProxy */;
		};
/* End PBXTargetDependency section */

/* Begin PBXVariantGroup section */
		529757111DB4F249008B0E63 /* Main.storyboard */ = {
			isa = PBXVariantGroup;
			children = (
				529757121DB4F249008B0E63 /* Base */,
			);
			name = Main.storyboard;
			sourceTree = "<group>";
		};
		529757161DB4F249008B0E63 /* LaunchScreen.storyboard */ = {
			isa = PBXVariantGroup;
			children = (
				529757171DB4F249008B0E63 /* Base */,
			);
			name = LaunchScreen.storyboard;
			sourceTree = "<group>";
		};
/* End PBXVariantGroup section */

/* Begin XCBuildConfiguration section */
		529757301DB4F249008B0E63 /* Debug */ = {
			isa = XCBuildConfiguration;
			buildSettings = {
				ALWAYS_SEARCH_USER_PATHS = NO;
				CLANG_ANALYZER_NONNULL = YES;
				CLANG_CXX_LANGUAGE_STANDARD = "gnu++0x";
				CLANG_CXX_LIBRARY = "libc++";
				CLANG_ENABLE_MODULES = YES;
				CLANG_ENABLE_OBJC_ARC = YES;
				CLANG_WARN_BOOL_CONVERSION = YES;
				CLANG_WARN_CONSTANT_CONVERSION = YES;
				CLANG_WARN_DIRECT_OBJC_ISA_USAGE = YES_ERROR;
				CLANG_WARN_DOCUMENTATION_COMMENTS = YES;
				CLANG_WARN_EMPTY_BODY = YES;
				CLANG_WARN_ENUM_CONVERSION = YES;
				CLANG_WARN_INFINITE_RECURSION = YES;
				CLANG_WARN_INT_CONVERSION = YES;
				CLANG_WARN_OBJC_ROOT_CLASS = YES_ERROR;
				CLANG_WARN_SUSPICIOUS_MOVES = YES;
				CLANG_WARN_UNREACHABLE_CODE = YES;
				CLANG_WARN__DUPLICATE_METHOD_MATCH = YES;
				"CODE_SIGN_IDENTITY[sdk=iphoneos*]" = "iPhone Developer";
				COPY_PHASE_STRIP = NO;
				DEBUG_INFORMATION_FORMAT = dwarf;
				ENABLE_STRICT_OBJC_MSGSEND = YES;
				ENABLE_TESTABILITY = YES;
				GCC_C_LANGUAGE_STANDARD = gnu99;
				GCC_DYNAMIC_NO_PIC = NO;
				GCC_NO_COMMON_BLOCKS = YES;
				GCC_OPTIMIZATION_LEVEL = 0;
				GCC_PREPROCESSOR_DEFINITIONS = (
					"DEBUG=1",
					"$(inherited)",
				);
				GCC_WARN_64_TO_32_BIT_CONVERSION = YES;
				GCC_WARN_ABOUT_RETURN_TYPE = YES_ERROR;
				GCC_WARN_UNDECLARED_SELECTOR = YES;
				GCC_WARN_UNINITIALIZED_AUTOS = YES_AGGRESSIVE;
				GCC_WARN_UNUSED_FUNCTION = YES;
				GCC_WARN_UNUSED_VARIABLE = YES;
				IPHONEOS_DEPLOYMENT_TARGET = 10.0;
				MTL_ENABLE_DEBUG_INFO = YES;
				ONLY_ACTIVE_ARCH = YES;
				SDKROOT = iphoneos;
			};
			name = Debug;
		};
		529757311DB4F249008B0E63 /* Release */ = {
			isa = XCBuildConfiguration;
			buildSettings = {
				ALWAYS_SEARCH_USER_PATHS = NO;
				CLANG_ANALYZER_NONNULL = YES;
				CLANG_CXX_LANGUAGE_STANDARD = "gnu++0x";
				CLANG_CXX_LIBRARY = "libc++";
				CLANG_ENABLE_MODULES = YES;
				CLANG_ENABLE_OBJC_ARC = YES;
				CLANG_WARN_BOOL_CONVERSION = YES;
				CLANG_WARN_CONSTANT_CONVERSION = YES;
				CLANG_WARN_DIRECT_OBJC_ISA_USAGE = YES_ERROR;
				CLANG_WARN_DOCUMENTATION_COMMENTS = YES;
				CLANG_WARN_EMPTY_BODY = YES;
				CLANG_WARN_ENUM_CONVERSION = YES;
				CLANG_WARN_INFINITE_RECURSION = YES;
				CLANG_WARN_INT_CONVERSION = YES;
				CLANG_WARN_OBJC_ROOT_CLASS = YES_ERROR;
				CLANG_WARN_SUSPICIOUS_MOVES = YES;
				CLANG_WARN_UNREACHABLE_CODE = YES;
				CLANG_WARN__DUPLICATE_METHOD_MATCH = YES;
				"CODE_SIGN_IDENTITY[sdk=iphoneos*]" = "iPhone Developer";
				COPY_PHASE_STRIP = NO;
				DEBUG_INFORMATION_FORMAT = "dwarf-with-dsym";
				ENABLE_NS_ASSERTIONS = NO;
				ENABLE_STRICT_OBJC_MSGSEND = YES;
				GCC_C_LANGUAGE_STANDARD = gnu99;
				GCC_NO_COMMON_BLOCKS = YES;
				GCC_WARN_64_TO_32_BIT_CONVERSION = YES;
				GCC_WARN_ABOUT_RETURN_TYPE = YES_ERROR;
				GCC_WARN_UNDECLARED_SELECTOR = YES;
				GCC_WARN_UNINITIALIZED_AUTOS = YES_AGGRESSIVE;
				GCC_WARN_UNUSED_FUNCTION = YES;
				GCC_WARN_UNUSED_VARIABLE = YES;
				IPHONEOS_DEPLOYMENT_TARGET = 10.0;
				MTL_ENABLE_DEBUG_INFO = NO;
				SDKROOT = iphoneos;
				VALIDATE_PRODUCT = YES;
			};
			name = Release;
		};
		529757331DB4F249008B0E63 /* Debug */ = {
			isa = XCBuildConfiguration;
			buildSettings = {
				ASSETCATALOG_COMPILER_APPICON_NAME = AppIcon;
				INFOPLIST_FILE = ClockView/Info.plist;
				LD_RUNPATH_SEARCH_PATHS = "$(inherited) @executable_path/Frameworks";
				PRODUCT_BUNDLE_IDENTIFIER = "Geek-Zoo-Studio.ClockView";
				PRODUCT_NAME = "$(TARGET_NAME)";
			};
			name = Debug;
		};
		529757341DB4F249008B0E63 /* Release */ = {
			isa = XCBuildConfiguration;
			buildSettings = {
				ASSETCATALOG_COMPILER_APPICON_NAME = AppIcon;
				INFOPLIST_FILE = ClockView/Info.plist;
				LD_RUNPATH_SEARCH_PATHS = "$(inherited) @executable_path/Frameworks";
				PRODUCT_BUNDLE_IDENTIFIER = "Geek-Zoo-Studio.ClockView";
				PRODUCT_NAME = "$(TARGET_NAME)";
			};
			name = Release;
		};
		529757361DB4F249008B0E63 /* Debug */ = {
			isa = XCBuildConfiguration;
			buildSettings = {
				BUNDLE_LOADER = "$(TEST_HOST)";
				INFOPLIST_FILE = ClockViewTests/Info.plist;
				LD_RUNPATH_SEARCH_PATHS = "$(inherited) @executable_path/Frameworks @loader_path/Frameworks";
				PRODUCT_BUNDLE_IDENTIFIER = "Geek-Zoo-Studio.ClockViewTests";
				PRODUCT_NAME = "$(TARGET_NAME)";
				TEST_HOST = "$(BUILT_PRODUCTS_DIR)/ClockView.app/ClockView";
			};
			name = Debug;
		};
		529757371DB4F249008B0E63 /* Release */ = {
			isa = XCBuildConfiguration;
			buildSettings = {
				BUNDLE_LOADER = "$(TEST_HOST)";
				INFOPLIST_FILE = ClockViewTests/Info.plist;
				LD_RUNPATH_SEARCH_PATHS = "$(inherited) @executable_path/Frameworks @loader_path/Frameworks";
				PRODUCT_BUNDLE_IDENTIFIER = "Geek-Zoo-Studio.ClockViewTests";
				PRODUCT_NAME = "$(TARGET_NAME)";
				TEST_HOST = "$(BUILT_PRODUCTS_DIR)/ClockView.app/ClockView";
			};
			name = Release;
		};
		529757391DB4F249008B0E63 /* Debug */ = {
			isa = XCBuildConfiguration;
			buildSettings = {
				INFOPLIST_FILE = ClockViewUITests/Info.plist;
				LD_RUNPATH_SEARCH_PATHS = "$(inherited) @executable_path/Frameworks @loader_path/Frameworks";
				PRODUCT_BUNDLE_IDENTIFIER = "Geek-Zoo-Studio.ClockViewUITests";
				PRODUCT_NAME = "$(TARGET_NAME)";
				TEST_TARGET_NAME = ClockView;
			};
			name = Debug;
		};
		5297573A1DB4F249008B0E63 /* Release */ = {
			isa = XCBuildConfiguration;
			buildSettings = {
				INFOPLIST_FILE = ClockViewUITests/Info.plist;
				LD_RUNPATH_SEARCH_PATHS = "$(inherited) @executable_path/Frameworks @loader_path/Frameworks";
				PRODUCT_BUNDLE_IDENTIFIER = "Geek-Zoo-Studio.ClockViewUITests";
				PRODUCT_NAME = "$(TARGET_NAME)";
				TEST_TARGET_NAME = ClockView;
			};
			name = Release;
		};
/* End XCBuildConfiguration section */

/* Begin XCConfigurationList section */
		529757001DB4F249008B0E63 /* Build configuration list for PBXProject "ClockView" */ = {
			isa = XCConfigurationList;
			buildConfigurations = (
				529757301DB4F249008B0E63 /* Debug */,
				529757311DB4F249008B0E63 /* Release */,
			);
			defaultConfigurationIsVisible = 0;
			defaultConfigurationName = Release;
		};
		529757321DB4F249008B0E63 /* Build configuration list for PBXNativeTarget "ClockView" */ = {
			isa = XCConfigurationList;
			buildConfigurations = (
				529757331DB4F249008B0E63 /* Debug */,
				529757341DB4F249008B0E63 /* Release */,
			);
			defaultConfigurationIsVisible = 0;
			defaultConfigurationName = Release;
		};
		529757351DB4F249008B0E63 /* Build configuration list for PBXNativeTarget "ClockViewTests" */ = {
			isa = XCConfigurationList;
			buildConfigurations = (
				529757361DB4F249008B0E63 /* Debug */,
				529757371DB4F249008B0E63 /* Release */,
			);
			defaultConfigurationIsVisible = 0;
			defaultConfigurationName = Release;
		};
		529757381DB4F249008B0E63 /* Build configuration list for PBXNativeTarget "ClockViewUITests" */ = {
			isa = XCConfigurationList;
			buildConfigurations = (
				529757391DB4F249008B0E63 /* Debug */,
				5297573A1DB4F249008B0E63 /* Release */,
			);
			defaultConfigurationIsVisible = 0;
			defaultConfigurationName = Release;
		};
/* End XCConfigurationList section */
	};
	rootObject = 529756FD1DB4F249008B0E63 /* Project object */;
}
